{
  "object": {
    "pins": [
      {
        "package": "Alamofire",
        "repositoryURL": "https://gitee.com/liuweigeek/Alamofire.git",
        "state": {
          "branch": null,
          "revision": "f96b619bcb2383b43d898402283924b80e2c4bae",
          "version": "5.4.3"
        }
      },
      {
        "package": "AlertToast",
        "repositoryURL": "https://gitee.com/liuweigeek/AlertToast.git",
        "state": {
          "branch": null,
          "revision": "0a6f9182ce19ccd267f7d022ebbc9ae3952f4012",
          "version": "1.2.9"
        }
      },
      {
        "package": "Kingfisher",
        "repositoryURL": "https://gitee.com/liuweigeek/Kingfisher.git",
        "state": {
          "branch": null,
          "revision": "44450a8f564d7c0165f736ba2250649ff8d3e556",
          "version": "6.3.0"
        }
      }
    ]
  },
  "version": 1
}
