// !$*UTF8*$!
{
	archiveVersion = 1;
	classes = {
	};
	objectVersion = 52;
	objects = {

/* Begin PBXBuildFile section */
		6833E06A77BF5F4C368DB0EA /* FeedViewModel.swift in Sources */ = {isa = PBXBuildFile; fileRef = 6833E200A8A14D2D0C46E7EE /* FeedViewModel.swift */; };
		6833E6955A7D1CC85BA41CDE /* ErrorResponse.swift in Sources */ = {isa = PBXBuildFile; fileRef = 6833EF152611C0A342C8609A /* ErrorResponse.swift */; };
		6833EA89057EB2697711B15B /* JsonUtils.swift in Sources */ = {isa = PBXBuildFile; fileRef = 6833E7F754A48944ECC6D74C /* JsonUtils.swift */; };
		6833ED3A46D04076A3AA1403 /* AuthUser.swift in Sources */ = {isa = PBXBuildFile; fileRef = 6833EDBE90900D7F5A45F48A /* AuthUser.swift */; };
		D2038914267F40670009316A /* SessionManager.swift in Sources */ = {isa = PBXBuildFile; fileRef = D2038913267F40670009316A /* SessionManager.swift */; };
		D2038916267FA0680009316A /* UserSessionManager.swift in Sources */ = {isa = PBXBuildFile; fileRef = D2038915267FA0680009316A /* UserSessionManager.swift */; };
		D21759412677A898006339EA /* NeptuneBlog_iOSApp.swift in Sources */ = {isa = PBXBuildFile; fileRef = D21759402677A898006339EA /* NeptuneBlog_iOSApp.swift */; };
		D21759452677A898006339EA /* Assets.xcassets in Resources */ = {isa = PBXBuildFile; fileRef = D21759442677A898006339EA /* Assets.xcassets */; };
		D21759482677A898006339EA /* Preview Assets.xcassets in Resources */ = {isa = PBXBuildFile; fileRef = D21759472677A898006339EA /* Preview Assets.xcassets */; };
		D27673602678BFB000A4BA37 /* UserRelationship.swift in Sources */ = {isa = PBXBuildFile; fileRef = D276735F2678BFB000A4BA37 /* UserRelationship.swift */; };
		D27673622678BFF500A4BA37 /* SearchResult.swift in Sources */ = {isa = PBXBuildFile; fileRef = D27673612678BFF500A4BA37 /* SearchResult.swift */; };
		D27673642678C13100A4BA37 /* PageRequest.swift in Sources */ = {isa = PBXBuildFile; fileRef = D27673632678C13100A4BA37 /* PageRequest.swift */; };
		D27673662678C14A00A4BA37 /* Pageable.swift in Sources */ = {isa = PBXBuildFile; fileRef = D27673652678C14A00A4BA37 /* Pageable.swift */; };
		D27673682678C1D200A4BA37 /* UserConnection.swift in Sources */ = {isa = PBXBuildFile; fileRef = D27673672678C1D200A4BA37 /* UserConnection.swift */; };
		D276736F2678C25400A4BA37 /* CustomSecureField.swift in Sources */ = {isa = PBXBuildFile; fileRef = D276736A2678C25300A4BA37 /* CustomSecureField.swift */; };
		D27673702678C25400A4BA37 /* LazyView.swift in Sources */ = {isa = PBXBuildFile; fileRef = D276736B2678C25300A4BA37 /* LazyView.swift */; };
		D27673712678C25400A4BA37 /* TextArea.swift in Sources */ = {isa = PBXBuildFile; fileRef = D276736C2678C25400A4BA37 /* TextArea.swift */; };
		D27673722678C25400A4BA37 /* CustomTextField.swift in Sources */ = {isa = PBXBuildFile; fileRef = D276736D2678C25400A4BA37 /* CustomTextField.swift */; };
		D27673732678C25400A4BA37 /* ImagePicker.swift in Sources */ = {isa = PBXBuildFile; fileRef = D276736E2678C25400A4BA37 /* ImagePicker.swift */; };
		D27673922678C26C00A4BA37 /* MainTabView.swift in Sources */ = {isa = PBXBuildFile; fileRef = D27673752678C26C00A4BA37 /* MainTabView.swift */; };
		D27673932678C26C00A4BA37 /* ContentView.swift in Sources */ = {isa = PBXBuildFile; fileRef = D27673762678C26C00A4BA37 /* ContentView.swift */; };
		D27673942678C26C00A4BA37 /* FeedView.swift in Sources */ = {isa = PBXBuildFile; fileRef = D27673782678C26C00A4BA37 /* FeedView.swift */; };
		D27673952678C26C00A4BA37 /* SearchView.swift in Sources */ = {isa = PBXBuildFile; fileRef = D276737A2678C26C00A4BA37 /* SearchView.swift */; };
		D27673962678C26C00A4BA37 /* SearchBar.swift in Sources */ = {isa = PBXBuildFile; fileRef = D276737B2678C26C00A4BA37 /* SearchBar.swift */; };
		D27673972678C26C00A4BA37 /* UserCell.swift in Sources */ = {isa = PBXBuildFile; fileRef = D276737C2678C26C00A4BA37 /* UserCell.swift */; };
		D27673982678C26C00A4BA37 /* ProfileHeaderView.swift in Sources */ = {isa = PBXBuildFile; fileRef = D276737E2678C26C00A4BA37 /* ProfileHeaderView.swift */; };
		D27673992678C26C00A4BA37 /* FilterButtonView.swift in Sources */ = {isa = PBXBuildFile; fileRef = D276737F2678C26C00A4BA37 /* FilterButtonView.swift */; };
		D276739A2678C26C00A4BA37 /* UserProfileView.swift in Sources */ = {isa = PBXBuildFile; fileRef = D27673802678C26C00A4BA37 /* UserProfileView.swift */; };
		D276739B2678C26C00A4BA37 /* ProfileActionButtonView.swift in Sources */ = {isa = PBXBuildFile; fileRef = D27673812678C26C00A4BA37 /* ProfileActionButtonView.swift */; };
		D27673A32678C26C00A4BA37 /* LoginView.swift in Sources */ = {isa = PBXBuildFile; fileRef = D276738B2678C26C00A4BA37 /* LoginView.swift */; };
		D27673A42678C26C00A4BA37 /* RegisterView.swift in Sources */ = {isa = PBXBuildFile; fileRef = D276738C2678C26C00A4BA37 /* RegisterView.swift */; };
		D27673A52678C26C00A4BA37 /* TweetDetailView.swift in Sources */ = {isa = PBXBuildFile; fileRef = D276738E2678C26C00A4BA37 /* TweetDetailView.swift */; };
		D27673A62678C26C00A4BA37 /* NewTweetView.swift in Sources */ = {isa = PBXBuildFile; fileRef = D276738F2678C26C00A4BA37 /* NewTweetView.swift */; };
		D27673A72678C26C00A4BA37 /* TweetActionsView.swift in Sources */ = {isa = PBXBuildFile; fileRef = D27673902678C26C00A4BA37 /* TweetActionsView.swift */; };
		D27673A82678C26C00A4BA37 /* TweetCellView.swift in Sources */ = {isa = PBXBuildFile; fileRef = D27673912678C26C00A4BA37 /* TweetCellView.swift */; };
		D27673B22678C28300A4BA37 /* UploadTweetViewModel.swift in Sources */ = {isa = PBXBuildFile; fileRef = D27673AA2678C28300A4BA37 /* UploadTweetViewModel.swift */; };
		D27673B32678C28300A4BA37 /* AuthViewModel.swift in Sources */ = {isa = PBXBuildFile; fileRef = D27673AB2678C28300A4BA37 /* AuthViewModel.swift */; };
		D27673B52678C28300A4BA37 /* ProfileViewModel.swift in Sources */ = {isa = PBXBuildFile; fileRef = D27673AD2678C28300A4BA37 /* ProfileViewModel.swift */; };
		D27673B62678C28300A4BA37 /* SearchViewModel.swift in Sources */ = {isa = PBXBuildFile; fileRef = D27673AE2678C28300A4BA37 /* SearchViewModel.swift */; };
		D27673BA2678C29A00A4BA37 /* Constant.swift in Sources */ = {isa = PBXBuildFile; fileRef = D27673B92678C29A00A4BA37 /* Constant.swift */; };
		D2A2C20926786AA6008B5FC6 /* Tweet.swift in Sources */ = {isa = PBXBuildFile; fileRef = D2A2C20826786AA6008B5FC6 /* Tweet.swift */; };
		D2A2C20B26786AB9008B5FC6 /* User.swift in Sources */ = {isa = PBXBuildFile; fileRef = D2A2C20A26786AB9008B5FC6 /* User.swift */; };
/* End PBXBuildFile section */

/* Begin PBXFileReference section */
		6833E200A8A14D2D0C46E7EE /* FeedViewModel.swift */ = {isa = PBXFileReference; fileEncoding = 4; lastKnownFileType = sourcecode.swift; path = FeedViewModel.swift; sourceTree = "<group>"; };
		6833E7F754A48944ECC6D74C /* JsonUtils.swift */ = {isa = PBXFileReference; fileEncoding = 4; lastKnownFileType = sourcecode.swift; path = JsonUtils.swift; sourceTree = "<group>"; };
		6833EDBE90900D7F5A45F48A /* AuthUser.swift */ = {isa = PBXFileReference; fileEncoding = 4; lastKnownFileType = sourcecode.swift; path = AuthUser.swift; sourceTree = "<group>"; };
		6833EF152611C0A342C8609A /* ErrorResponse.swift */ = {isa = PBXFileReference; fileEncoding = 4; lastKnownFileType = sourcecode.swift; path = ErrorResponse.swift; sourceTree = "<group>"; };
		D2038913267F40670009316A /* SessionManager.swift */ = {isa = PBXFileReference; lastKnownFileType = sourcecode.swift; path = SessionManager.swift; sourceTree = "<group>"; };
		D2038915267FA0680009316A /* UserSessionManager.swift */ = {isa = PBXFileReference; lastKnownFileType = sourcecode.swift; path = UserSessionManager.swift; sourceTree = "<group>"; };
		D217593D2677A898006339EA /* NeptuneBlog-iOS.app */ = {isa = PBXFileReference; explicitFileType = wrapper.application; includeInIndex = 0; path = "NeptuneBlog-iOS.app"; sourceTree = BUILT_PRODUCTS_DIR; };
		D21759402677A898006339EA /* NeptuneBlog_iOSApp.swift */ = {isa = PBXFileReference; lastKnownFileType = sourcecode.swift; path = NeptuneBlog_iOSApp.swift; sourceTree = "<group>"; };
		D21759442677A898006339EA /* Assets.xcassets */ = {isa = PBXFileReference; lastKnownFileType = folder.assetcatalog; path = Assets.xcassets; sourceTree = "<group>"; };
		D21759472677A898006339EA /* Preview Assets.xcassets */ = {isa = PBXFileReference; lastKnownFileType = folder.assetcatalog; path = "Preview Assets.xcassets"; sourceTree = "<group>"; };
		D21759492677A898006339EA /* Info.plist */ = {isa = PBXFileReference; lastKnownFileType = text.plist.xml; path = Info.plist; sourceTree = "<group>"; };
		D276735F2678BFB000A4BA37 /* UserRelationship.swift */ = {isa = PBXFileReference; lastKnownFileType = sourcecode.swift; path = UserRelationship.swift; sourceTree = "<group>"; };
		D27673612678BFF500A4BA37 /* SearchResult.swift */ = {isa = PBXFileReference; lastKnownFileType = sourcecode.swift; path = SearchResult.swift; sourceTree = "<group>"; };
		D27673632678C13100A4BA37 /* PageRequest.swift */ = {isa = PBXFileReference; lastKnownFileType = sourcecode.swift; path = PageRequest.swift; sourceTree = "<group>"; };
		D27673652678C14A00A4BA37 /* Pageable.swift */ = {isa = PBXFileReference; lastKnownFileType = sourcecode.swift; path = Pageable.swift; sourceTree = "<group>"; };
		D27673672678C1D200A4BA37 /* UserConnection.swift */ = {isa = PBXFileReference; lastKnownFileType = sourcecode.swift; path = UserConnection.swift; sourceTree = "<group>"; };
		D276736A2678C25300A4BA37 /* CustomSecureField.swift */ = {isa = PBXFileReference; fileEncoding = 4; lastKnownFileType = sourcecode.swift; path = CustomSecureField.swift; sourceTree = "<group>"; };
		D276736B2678C25300A4BA37 /* LazyView.swift */ = {isa = PBXFileReference; fileEncoding = 4; lastKnownFileType = sourcecode.swift; path = LazyView.swift; sourceTree = "<group>"; };
		D276736C2678C25400A4BA37 /* TextArea.swift */ = {isa = PBXFileReference; fileEncoding = 4; lastKnownFileType = sourcecode.swift; path = TextArea.swift; sourceTree = "<group>"; };
		D276736D2678C25400A4BA37 /* CustomTextField.swift */ = {isa = PBXFileReference; fileEncoding = 4; lastKnownFileType = sourcecode.swift; path = CustomTextField.swift; sourceTree = "<group>"; };
		D276736E2678C25400A4BA37 /* ImagePicker.swift */ = {isa = PBXFileReference; fileEncoding = 4; lastKnownFileType = sourcecode.swift; path = ImagePicker.swift; sourceTree = "<group>"; };
		D27673752678C26C00A4BA37 /* MainTabView.swift */ = {isa = PBXFileReference; fileEncoding = 4; lastKnownFileType = sourcecode.swift; path = MainTabView.swift; sourceTree = "<group>"; };
		D27673762678C26C00A4BA37 /* ContentView.swift */ = {isa = PBXFileReference; fileEncoding = 4; lastKnownFileType = sourcecode.swift; path = ContentView.swift; sourceTree = "<group>"; };
		D27673782678C26C00A4BA37 /* FeedView.swift */ = {isa = PBXFileReference; fileEncoding = 4; lastKnownFileType = sourcecode.swift; path = FeedView.swift; sourceTree = "<group>"; };
		D276737A2678C26C00A4BA37 /* SearchView.swift */ = {isa = PBXFileReference; fileEncoding = 4; lastKnownFileType = sourcecode.swift; path = SearchView.swift; sourceTree = "<group>"; };
		D276737B2678C26C00A4BA37 /* SearchBar.swift */ = {isa = PBXFileReference; fileEncoding = 4; lastKnownFileType = sourcecode.swift; path = SearchBar.swift; sourceTree = "<group>"; };
		D276737C2678C26C00A4BA37 /* UserCell.swift */ = {isa = PBXFileReference; fileEncoding = 4; lastKnownFileType = sourcecode.swift; path = UserCell.swift; sourceTree = "<group>"; };
		D276737E2678C26C00A4BA37 /* ProfileHeaderView.swift */ = {isa = PBXFileReference; fileEncoding = 4; lastKnownFileType = sourcecode.swift; path = ProfileHeaderView.swift; sourceTree = "<group>"; };
		D276737F2678C26C00A4BA37 /* FilterButtonView.swift */ = {isa = PBXFileReference; fileEncoding = 4; lastKnownFileType = sourcecode.swift; path = FilterButtonView.swift; sourceTree = "<group>"; };
		D27673802678C26C00A4BA37 /* UserProfileView.swift */ = {isa = PBXFileReference; fileEncoding = 4; lastKnownFileType = sourcecode.swift; path = UserProfileView.swift; sourceTree = "<group>"; };
		D27673812678C26C00A4BA37 /* ProfileActionButtonView.swift */ = {isa = PBXFileReference; fileEncoding = 4; lastKnownFileType = sourcecode.swift; path = ProfileActionButtonView.swift; sourceTree = "<group>"; };
		D276738B2678C26C00A4BA37 /* LoginView.swift */ = {isa = PBXFileReference; fileEncoding = 4; lastKnownFileType = sourcecode.swift; path = LoginView.swift; sourceTree = "<group>"; };
		D276738C2678C26C00A4BA37 /* RegisterView.swift */ = {isa = PBXFileReference; fileEncoding = 4; lastKnownFileType = sourcecode.swift; path = RegisterView.swift; sourceTree = "<group>"; };
		D276738E2678C26C00A4BA37 /* TweetDetailView.swift */ = {isa = PBXFileReference; fileEncoding = 4; lastKnownFileType = sourcecode.swift; path = TweetDetailView.swift; sourceTree = "<group>"; };
		D276738F2678C26C00A4BA37 /* NewTweetView.swift */ = {isa = PBXFileReference; fileEncoding = 4; lastKnownFileType = sourcecode.swift; path = NewTweetView.swift; sourceTree = "<group>"; };
		D27673902678C26C00A4BA37 /* TweetActionsView.swift */ = {isa = PBXFileReference; fileEncoding = 4; lastKnownFileType = sourcecode.swift; path = TweetActionsView.swift; sourceTree = "<group>"; };
		D27673912678C26C00A4BA37 /* TweetCellView.swift */ = {isa = PBXFileReference; fileEncoding = 4; lastKnownFileType = sourcecode.swift; path = TweetCellView.swift; sourceTree = "<group>"; };
		D27673AA2678C28300A4BA37 /* UploadTweetViewModel.swift */ = {isa = PBXFileReference; fileEncoding = 4; lastKnownFileType = sourcecode.swift; path = UploadTweetViewModel.swift; sourceTree = "<group>"; };
		D27673AB2678C28300A4BA37 /* AuthViewModel.swift */ = {isa = PBXFileReference; fileEncoding = 4; lastKnownFileType = sourcecode.swift; path = AuthViewModel.swift; sourceTree = "<group>"; };
		D27673AD2678C28300A4BA37 /* ProfileViewModel.swift */ = {isa = PBXFileReference; fileEncoding = 4; lastKnownFileType = sourcecode.swift; path = ProfileViewModel.swift; sourceTree = "<group>"; };
		D27673AE2678C28300A4BA37 /* SearchViewModel.swift */ = {isa = PBXFileReference; fileEncoding = 4; lastKnownFileType = sourcecode.swift; path = SearchViewModel.swift; sourceTree = "<group>"; };
		D27673B92678C29A00A4BA37 /* Constant.swift */ = {isa = PBXFileReference; lastKnownFileType = sourcecode.swift; path = Constant.swift; sourceTree = "<group>"; };
		D2A2C20826786AA6008B5FC6 /* Tweet.swift */ = {isa = PBXFileReference; lastKnownFileType = sourcecode.swift; path = Tweet.swift; sourceTree = "<group>"; };
		D2A2C20A26786AB9008B5FC6 /* User.swift */ = {isa = PBXFileReference; lastKnownFileType = sourcecode.swift; path = User.swift; sourceTree = "<group>"; };
/* End PBXFileReference section */

/* Begin PBXFrameworksBuildPhase section */
		D217593A2677A898006339EA /* Frameworks */ = {
			isa = PBXFrameworksBuildPhase;
			buildActionMask = 2147483647;
			files = (
				D2B1F1AF26877DAD00733DA6,
				D276735B2678BDC600A4BA37,
				D276735E2678BE0F00A4BA37,
			);
			runOnlyForDeploymentPostprocessing = 0;
		};
/* End PBXFrameworksBuildPhase section */

/* Begin PBXGroup section */
		D21759342677A898006339EA = {
			isa = PBXGroup;
			children = (
				D217593F2677A898006339EA /* NeptuneBlog-iOS */,
				D217593E2677A898006339EA /* Products */,
			);
			sourceTree = "<group>";
		};
		D217593E2677A898006339EA /* Products */ = {
			isa = PBXGroup;
			children = (
				D217593D2677A898006339EA /* NeptuneBlog-iOS.app */,
			);
			name = Products;
			sourceTree = "<group>";
		};
		D217593F2677A898006339EA /* NeptuneBlog-iOS */ = {
			isa = PBXGroup;
			children = (
				D2A2C204267869CA008B5FC6 /* Model */,
				D2A2C207267869E4008B5FC6 /* View */,
				D2A2C206267869DD008B5FC6 /* ViewModel */,
				D2A2C205267869D3008B5FC6 /* Util */,
				D21759402677A898006339EA /* NeptuneBlog_iOSApp.swift */,
				D21759442677A898006339EA /* Assets.xcassets */,
				D21759492677A898006339EA /* Info.plist */,
				D21759462677A898006339EA /* Preview Content */,
			);
			path = "NeptuneBlog-iOS";
			sourceTree = "<group>";
		};
		D21759462677A898006339EA /* Preview Content */ = {
			isa = PBXGroup;
			children = (
				D21759472677A898006339EA /* Preview Assets.xcassets */,
			);
			path = "Preview Content";
			sourceTree = "<group>";
		};
		D27673692678C23800A4BA37 /* Component */ = {
			isa = PBXGroup;
			children = (
				D276736A2678C25300A4BA37 /* CustomSecureField.swift */,
				D276736D2678C25400A4BA37 /* CustomTextField.swift */,
				D276736E2678C25400A4BA37 /* ImagePicker.swift */,
				D276736B2678C25300A4BA37 /* LazyView.swift */,
				D276736C2678C25400A4BA37 /* TextArea.swift */,
			);
			path = Component;
			sourceTree = "<group>";
		};
		D27673742678C26C00A4BA37 /* Main */ = {
			isa = PBXGroup;
			children = (
				D27673752678C26C00A4BA37 /* MainTabView.swift */,
				D27673762678C26C00A4BA37 /* ContentView.swift */,
			);
			path = Main;
			sourceTree = "<group>";
		};
		D27673772678C26C00A4BA37 /* Feed */ = {
			isa = PBXGroup;
			children = (
				D27673782678C26C00A4BA37 /* FeedView.swift */,
			);
			path = Feed;
			sourceTree = "<group>";
		};
		D27673792678C26C00A4BA37 /* Search */ = {
			isa = PBXGroup;
			children = (
				D276737A2678C26C00A4BA37 /* SearchView.swift */,
				D276737B2678C26C00A4BA37 /* SearchBar.swift */,
				D276737C2678C26C00A4BA37 /* UserCell.swift */,
			);
			path = Search;
			sourceTree = "<group>";
		};
		D276737D2678C26C00A4BA37 /* Profile */ = {
			isa = PBXGroup;
			children = (
				D276737E2678C26C00A4BA37 /* ProfileHeaderView.swift */,
				D276737F2678C26C00A4BA37 /* FilterButtonView.swift */,
				D27673802678C26C00A4BA37 /* UserProfileView.swift */,
				D27673812678C26C00A4BA37 /* ProfileActionButtonView.swift */,
			);
			path = Profile;
			sourceTree = "<group>";
		};
		D276738A2678C26C00A4BA37 /* Authentication */ = {
			isa = PBXGroup;
			children = (
				D276738B2678C26C00A4BA37 /* LoginView.swift */,
				D276738C2678C26C00A4BA37 /* RegisterView.swift */,
			);
			path = Authentication;
			sourceTree = "<group>";
		};
		D276738D2678C26C00A4BA37 /* Tweets */ = {
			isa = PBXGroup;
			children = (
				D276738E2678C26C00A4BA37 /* TweetDetailView.swift */,
				D276738F2678C26C00A4BA37 /* NewTweetView.swift */,
				D27673902678C26C00A4BA37 /* TweetActionsView.swift */,
				D27673912678C26C00A4BA37 /* TweetCellView.swift */,
			);
			path = Tweets;
			sourceTree = "<group>";
		};
		D2A2C204267869CA008B5FC6 /* Model */ = {
			isa = PBXGroup;
			children = (
				D2A2C20826786AA6008B5FC6 /* Tweet.swift */,
				D2A2C20A26786AB9008B5FC6 /* User.swift */,
				D27673672678C1D200A4BA37 /* UserConnection.swift */,
				D276735F2678BFB000A4BA37 /* UserRelationship.swift */,
				D27673612678BFF500A4BA37 /* SearchResult.swift */,
				D27673632678C13100A4BA37 /* PageRequest.swift */,
				D27673652678C14A00A4BA37 /* Pageable.swift */,
				6833EF152611C0A342C8609A /* ErrorResponse.swift */,
				6833EDBE90900D7F5A45F48A /* AuthUser.swift */,
			);
			path = Model;
			sourceTree = "<group>";
		};
		D2A2C205267869D3008B5FC6 /* Util */ = {
			isa = PBXGroup;
			children = (
				D27673B92678C29A00A4BA37 /* Constant.swift */,
				D2038913267F40670009316A /* SessionManager.swift */,
				D2038915267FA0680009316A /* UserSessionManager.swift */,
				6833E7F754A48944ECC6D74C /* JsonUtils.swift */,
			);
			path = Util;
			sourceTree = "<group>";
		};
		D2A2C206267869DD008B5FC6 /* ViewModel */ = {
			isa = PBXGroup;
			children = (
				D27673AB2678C28300A4BA37 /* AuthViewModel.swift */,
				D27673AD2678C28300A4BA37 /* ProfileViewModel.swift */,
				D27673AE2678C28300A4BA37 /* SearchViewModel.swift */,
				D27673AA2678C28300A4BA37 /* UploadTweetViewModel.swift */,
				6833E200A8A14D2D0C46E7EE /* FeedViewModel.swift */,
			);
			path = ViewModel;
			sourceTree = "<group>";
		};
		D2A2C207267869E4008B5FC6 /* View */ = {
			isa = PBXGroup;
			children = (
				D276738A2678C26C00A4BA37 /* Authentication */,
				D27673772678C26C00A4BA37 /* Feed */,
				D27673742678C26C00A4BA37 /* Main */,
				D276737D2678C26C00A4BA37 /* Profile */,
				D27673792678C26C00A4BA37 /* Search */,
				D276738D2678C26C00A4BA37 /* Tweets */,
				D27673692678C23800A4BA37 /* Component */,
			);
			path = View;
			sourceTree = "<group>";
		};
/* End PBXGroup section */

/* Begin PBXNativeTarget section */
		D217593C2677A898006339EA /* NeptuneBlog-iOS */ = {
			isa = PBXNativeTarget;
			buildConfigurationList = D217594C2677A898006339EA /* Build configuration list for PBXNativeTarget "NeptuneBlog-iOS" */;
			buildPhases = (
				D21759392677A898006339EA /* Sources */,
				D217593A2677A898006339EA /* Frameworks */,
				D217593B2677A898006339EA /* Resources */,
			);
			buildRules = (
			);
			dependencies = (
			);
			name = "NeptuneBlog-iOS";
			packageProductDependencies = (
				D276735A2678BDC600A4BA37 /* Kingfisher */,
				D276735D2678BE0F00A4BA37 /* Alamofire */,
				D2B1F1AE26877DAD00733DA6 /* AlertToast */,
			);
			productName = "NeptuneBlog-iOS";
			productReference = D217593D2677A898006339EA /* NeptuneBlog-iOS.app */;
			productType = "com.apple.product-type.application";
		};
/* End PBXNativeTarget section */

/* Begin PBXProject section */
		D21759352677A898006339EA /* Project object */ = {
			isa = PBXProject;
			attributes = {
				LastSwiftUpdateCheck = 1250;
				LastUpgradeCheck = 1250;
				TargetAttributes = {
					D217593C2677A898006339EA = {
						CreatedOnToolsVersion = 12.5;
					};
				};
			};
			buildConfigurationList = D21759382677A898006339EA /* Build configuration list for PBXProject "NeptuneBlog-iOS" */;
			compatibilityVersion = "Xcode 9.3";
			developmentRegion = en;
			hasScannedForEncodings = 0;
			knownRegions = (
				en,
				Base,
			);
			mainGroup = D21759342677A898006339EA;
			packageReferences = (
				D27673592678BDC600A4BA37 /* XCRemoteSwiftPackageReference "Kingfisher.git" */,
				D276735C2678BE0F00A4BA37 /* XCRemoteSwiftPackageReference "Alamofire.git" */,
				D2B1F1AD26877DAD00733DA6 /* XCRemoteSwiftPackageReference "AlertToast.git" */,
			);
			productRefGroup = D217593E2677A898006339EA /* Products */;
			projectDirPath = "";
			projectRoot = "";
			targets = (
				D217593C2677A898006339EA /* NeptuneBlog-iOS */,
			);
		};
/* End PBXProject section */

/* Begin PBXResourcesBuildPhase section */
		D217593B2677A898006339EA /* Resources */ = {
			isa = PBXResourcesBuildPhase;
			buildActionMask = 2147483647;
			files = (
				D21759482677A898006339EA /* Preview Assets.xcassets in Resources */,
				D21759452677A898006339EA /* Assets.xcassets in Resources */,
			);
			runOnlyForDeploymentPostprocessing = 0;
		};
/* End PBXResourcesBuildPhase section */

/* Begin PBXSourcesBuildPhase section */
		D21759392677A898006339EA /* Sources */ = {
			isa = PBXSourcesBuildPhase;
			buildActionMask = 2147483647;
			files = (
				D27673A42678C26C00A4BA37 /* RegisterView.swift in Sources */,
				D27673722678C25400A4BA37 /* CustomTextField.swift in Sources */,
				D27673642678C13100A4BA37 /* PageRequest.swift in Sources */,
				D27673B52678C28300A4BA37 /* ProfileViewModel.swift in Sources */,
				D27673932678C26C00A4BA37 /* ContentView.swift in Sources */,
				D27673A62678C26C00A4BA37 /* NewTweetView.swift in Sources */,
				D2A2C20B26786AB9008B5FC6 /* User.swift in Sources */,
				D27673982678C26C00A4BA37 /* ProfileHeaderView.swift in Sources */,
				D27673A72678C26C00A4BA37 /* TweetActionsView.swift in Sources */,
				D27673732678C25400A4BA37 /* ImagePicker.swift in Sources */,
				D276736F2678C25400A4BA37 /* CustomSecureField.swift in Sources */,
				D27673662678C14A00A4BA37 /* Pageable.swift in Sources */,
				D2A2C20926786AA6008B5FC6 /* Tweet.swift in Sources */,
				D2038916267FA0680009316A /* UserSessionManager.swift in Sources */,
				D27673972678C26C00A4BA37 /* UserCell.swift in Sources */,
				D27673682678C1D200A4BA37 /* UserConnection.swift in Sources */,
				D27673952678C26C00A4BA37 /* SearchView.swift in Sources */,
				D27673B32678C28300A4BA37 /* AuthViewModel.swift in Sources */,
				D27673712678C25400A4BA37 /* TextArea.swift in Sources */,
				D276739B2678C26C00A4BA37 /* ProfileActionButtonView.swift in Sources */,
				D276739A2678C26C00A4BA37 /* UserProfileView.swift in Sources */,
				D27673992678C26C00A4BA37 /* FilterButtonView.swift in Sources */,
				D27673942678C26C00A4BA37 /* FeedView.swift in Sources */,
				D2038914267F40670009316A /* SessionManager.swift in Sources */,
				D27673702678C25400A4BA37 /* LazyView.swift in Sources */,
				D27673B62678C28300A4BA37 /* SearchViewModel.swift in Sources */,
				D21759412677A898006339EA /* NeptuneBlog_iOSApp.swift in Sources */,
				D27673BA2678C29A00A4BA37 /* Constant.swift in Sources */,
				D27673A82678C26C00A4BA37 /* TweetCellView.swift in Sources */,
				D27673962678C26C00A4BA37 /* SearchBar.swift in Sources */,
				D27673622678BFF500A4BA37 /* SearchResult.swift in Sources */,
				D27673602678BFB000A4BA37 /* UserRelationship.swift in Sources */,
				D27673922678C26C00A4BA37 /* MainTabView.swift in Sources */,
				D27673A32678C26C00A4BA37 /* LoginView.swift in Sources */,
				D27673A52678C26C00A4BA37 /* TweetDetailView.swift in Sources */,
				D27673B22678C28300A4BA37 /* UploadTweetViewModel.swift in Sources */,
				6833E6955A7D1CC85BA41CDE /* ErrorResponse.swift in Sources */,
				6833ED3A46D04076A3AA1403 /* AuthUser.swift in Sources */,
				6833E06A77BF5F4C368DB0EA /* FeedViewModel.swift in Sources */,
				6833EA89057EB2697711B15B /* JsonUtils.swift in Sources */,
			);
			runOnlyForDeploymentPostprocessing = 0;
		};
/* End PBXSourcesBuildPhase section */

/* Begin XCBuildConfiguration section */
		D217594A2677A898006339EA /* Debug */ = {
			isa = XCBuildConfiguration;
			buildSettings = {
				ALWAYS_SEARCH_USER_PATHS = NO;
				CLANG_ANALYZER_NONNULL = YES;
				CLANG_ANALYZER_NUMBER_OBJECT_CONVERSION = YES_AGGRESSIVE;
				CLANG_CXX_LANGUAGE_STANDARD = "gnu++14";
				CLANG_CXX_LIBRARY = "libc++";
				CLANG_ENABLE_MODULES = YES;
				CLANG_ENABLE_OBJC_ARC = YES;
				CLANG_ENABLE_OBJC_WEAK = YES;
				CLANG_WARN_BLOCK_CAPTURE_AUTORELEASING = YES;
				CLANG_WARN_BOOL_CONVERSION = YES;
				CLANG_WARN_COMMA = YES;
				CLANG_WARN_CONSTANT_CONVERSION = YES;
				CLANG_WARN_DEPRECATED_OBJC_IMPLEMENTATIONS = YES;
				CLANG_WARN_DIRECT_OBJC_ISA_USAGE = YES_ERROR;
				CLANG_WARN_DOCUMENTATION_COMMENTS = YES;
				CLANG_WARN_EMPTY_BODY = YES;
				CLANG_WARN_ENUM_CONVERSION = YES;
				CLANG_WARN_INFINITE_RECURSION = YES;
				CLANG_WARN_INT_CONVERSION = YES;
				CLANG_WARN_NON_LITERAL_NULL_CONVERSION = YES;
				CLANG_WARN_OBJC_IMPLICIT_RETAIN_SELF = YES;
				CLANG_WARN_OBJC_LITERAL_CONVERSION = YES;
				CLANG_WARN_OBJC_ROOT_CLASS = YES_ERROR;
				CLANG_WARN_QUOTED_INCLUDE_IN_FRAMEWORK_HEADER = YES;
				CLANG_WARN_RANGE_LOOP_ANALYSIS = YES;
				CLANG_WARN_STRICT_PROTOTYPES = YES;
				CLANG_WARN_SUSPICIOUS_MOVE = YES;
				CLANG_WARN_UNGUARDED_AVAILABILITY = YES_AGGRESSIVE;
				CLANG_WARN_UNREACHABLE_CODE = YES;
				CLANG_WARN__DUPLICATE_METHOD_MATCH = YES;
				COPY_PHASE_STRIP = NO;
				DEBUG_INFORMATION_FORMAT = dwarf;
				ENABLE_STRICT_OBJC_MSGSEND = YES;
				ENABLE_TESTABILITY = YES;
				GCC_C_LANGUAGE_STANDARD = gnu11;
				GCC_DYNAMIC_NO_PIC = NO;
				GCC_NO_COMMON_BLOCKS = YES;
				GCC_OPTIMIZATION_LEVEL = 0;
				GCC_PREPROCESSOR_DEFINITIONS = (
					"DEBUG=1",
					"$(inherited)",
				);
				GCC_WARN_64_TO_32_BIT_CONVERSION = YES;
				GCC_WARN_ABOUT_RETURN_TYPE = YES_ERROR;
				GCC_WARN_UNDECLARED_SELECTOR = YES;
				GCC_WARN_UNINITIALIZED_AUTOS = YES_AGGRESSIVE;
				GCC_WARN_UNUSED_FUNCTION = YES;
				GCC_WARN_UNUSED_VARIABLE = YES;
				IPHONEOS_DEPLOYMENT_TARGET = 14.5;
				MTL_ENABLE_DEBUG_INFO = INCLUDE_SOURCE;
				MTL_FAST_MATH = YES;
				ONLY_ACTIVE_ARCH = YES;
				SDKROOT = iphoneos;
				SWIFT_ACTIVE_COMPILATION_CONDITIONS = DEBUG;
				SWIFT_OPTIMIZATION_LEVEL = "-Onone";
			};
			name = Debug;
		};
		D217594B2677A898006339EA /* Release */ = {
			isa = XCBuildConfiguration;
			buildSettings = {
				ALWAYS_SEARCH_USER_PATHS = NO;
				CLANG_ANALYZER_NONNULL = YES;
				CLANG_ANALYZER_NUMBER_OBJECT_CONVERSION = YES_AGGRESSIVE;
				CLANG_CXX_LANGUAGE_STANDARD = "gnu++14";
				CLANG_CXX_LIBRARY = "libc++";
				CLANG_ENABLE_MODULES = YES;
				CLANG_ENABLE_OBJC_ARC = YES;
				CLANG_ENABLE_OBJC_WEAK = YES;
				CLANG_WARN_BLOCK_CAPTURE_AUTORELEASING = YES;
				CLANG_WARN_BOOL_CONVERSION = YES;
				CLANG_WARN_COMMA = YES;
				CLANG_WARN_CONSTANT_CONVERSION = YES;
				CLANG_WARN_DEPRECATED_OBJC_IMPLEMENTATIONS = YES;
				CLANG_WARN_DIRECT_OBJC_ISA_USAGE = YES_ERROR;
				CLANG_WARN_DOCUMENTATION_COMMENTS = YES;
				CLANG_WARN_EMPTY_BODY = YES;
				CLANG_WARN_ENUM_CONVERSION = YES;
				CLANG_WARN_INFINITE_RECURSION = YES;
				CLANG_WARN_INT_CONVERSION = YES;
				CLANG_WARN_NON_LITERAL_NULL_CONVERSION = YES;
				CLANG_WARN_OBJC_IMPLICIT_RETAIN_SELF = YES;
				CLANG_WARN_OBJC_LITERAL_CONVERSION = YES;
				CLANG_WARN_OBJC_ROOT_CLASS = YES_ERROR;
				CLANG_WARN_QUOTED_INCLUDE_IN_FRAMEWORK_HEADER = YES;
				CLANG_WARN_RANGE_LOOP_ANALYSIS = YES;
				CLANG_WARN_STRICT_PROTOTYPES = YES;
				CLANG_WARN_SUSPICIOUS_MOVE = YES;
				CLANG_WARN_UNGUARDED_AVAILABILITY = YES_AGGRESSIVE;
				CLANG_WARN_UNREACHABLE_CODE = YES;
				CLANG_WARN__DUPLICATE_METHOD_MATCH = YES;
				COPY_PHASE_STRIP = NO;
				DEBUG_INFORMATION_FORMAT = "dwarf-with-dsym";
				ENABLE_NS_ASSERTIONS = NO;
				ENABLE_STRICT_OBJC_MSGSEND = YES;
				GCC_C_LANGUAGE_STANDARD = gnu11;
				GCC_NO_COMMON_BLOCKS = YES;
				GCC_WARN_64_TO_32_BIT_CONVERSION = YES;
				GCC_WARN_ABOUT_RETURN_TYPE = YES_ERROR;
				GCC_WARN_UNDECLARED_SELECTOR = YES;
				GCC_WARN_UNINITIALIZED_AUTOS = YES_AGGRESSIVE;
				GCC_WARN_UNUSED_FUNCTION = YES;
				GCC_WARN_UNUSED_VARIABLE = YES;
				IPHONEOS_DEPLOYMENT_TARGET = 14.5;
				MTL_ENABLE_DEBUG_INFO = NO;
				MTL_FAST_MATH = YES;
				SDKROOT = iphoneos;
				SWIFT_COMPILATION_MODE = wholemodule;
				SWIFT_OPTIMIZATION_LEVEL = "-O";
				VALIDATE_PRODUCT = YES;
			};
			name = Release;
		};
		D217594D2677A898006339EA /* Debug */ = {
			isa = XCBuildConfiguration;
			buildSettings = {
				ASSETCATALOG_COMPILER_APPICON_NAME = AppIcon;
				ASSETCATALOG_COMPILER_GLOBAL_ACCENT_COLOR_NAME = AccentColor;
				CODE_SIGN_STYLE = Automatic;
				DEVELOPMENT_ASSET_PATHS = "\"NeptuneBlog-iOS/Preview Content\"";
				DEVELOPMENT_TEAM = C7XKW58E6T;
				ENABLE_PREVIEWS = YES;
				INFOPLIST_FILE = "NeptuneBlog-iOS/Info.plist";
				IPHONEOS_DEPLOYMENT_TARGET = 14.0;
				LD_RUNPATH_SEARCH_PATHS = (
					"$(inherited)",
					"@executable_path/Frameworks",
				);
				PRODUCT_BUNDLE_IDENTIFIER = "com.scott.neptune.NeptuneBlog-iOS";
				PRODUCT_NAME = "$(TARGET_NAME)";
				SWIFT_VERSION = 5.0;
				TARGETED_DEVICE_FAMILY = "1,2";
			};
			name = Debug;
		};
		D217594E2677A898006339EA /* Release */ = {
			isa = XCBuildConfiguration;
			buildSettings = {
				ASSETCATALOG_COMPILER_APPICON_NAME = AppIcon;
				ASSETCATALOG_COMPILER_GLOBAL_ACCENT_COLOR_NAME = AccentColor;
				CODE_SIGN_STYLE = Automatic;
				DEVELOPMENT_ASSET_PATHS = "\"NeptuneBlog-iOS/Preview Content\"";
				DEVELOPMENT_TEAM = C7XKW58E6T;
				ENABLE_PREVIEWS = YES;
				INFOPLIST_FILE = "NeptuneBlog-iOS/Info.plist";
				IPHONEOS_DEPLOYMENT_TARGET = 14.0;
				LD_RUNPATH_SEARCH_PATHS = (
					"$(inherited)",
					"@executable_path/Frameworks",
				);
				PRODUCT_BUNDLE_IDENTIFIER = "com.scott.neptune.NeptuneBlog-iOS";
				PRODUCT_NAME = "$(TARGET_NAME)";
				SWIFT_VERSION = 5.0;
				TARGETED_DEVICE_FAMILY = "1,2";
			};
			name = Release;
		};
/* End XCBuildConfiguration section */

/* Begin XCConfigurationList section */
		D21759382677A898006339EA /* Build configuration list for PBXProject "NeptuneBlog-iOS" */ = {
			isa = XCConfigurationList;
			buildConfigurations = (
				D217594A2677A898006339EA /* Debug */,
				D217594B2677A898006339EA /* Release */,
			);
			defaultConfigurationIsVisible = 0;
			defaultConfigurationName = Release;
		};
		D217594C2677A898006339EA /* Build configuration list for PBXNativeTarget "NeptuneBlog-iOS" */ = {
			isa = XCConfigurationList;
			buildConfigurations = (
				D217594D2677A898006339EA /* Debug */,
				D217594E2677A898006339EA /* Release */,
			);
			defaultConfigurationIsVisible = 0;
			defaultConfigurationName = Release;
		};
/* End XCConfigurationList section */

/* Begin XCRemoteSwiftPackageReference section */
		D27673592678BDC600A4BA37 /* XCRemoteSwiftPackageReference "Kingfisher.git" */ = {
			isa = XCRemoteSwiftPackageReference;
			repositoryURL = "https://gitee.com/liuweigeek/Kingfisher.git";
			requirement = {
				kind = upToNextMajorVersion;
				minimumVersion = 6.3.0;
			};
		};
		D276735C2678BE0F00A4BA37 /* XCRemoteSwiftPackageReference "Alamofire.git" */ = {
			isa = XCRemoteSwiftPackageReference;
			repositoryURL = "https://gitee.com/liuweigeek/Alamofire.git";
			requirement = {
				kind = upToNextMajorVersion;
				minimumVersion = 5.4.3;
			};
		};
		D2B1F1AD26877DAD00733DA6 /* XCRemoteSwiftPackageReference "AlertToast.git" */ = {
			isa = XCRemoteSwiftPackageReference;
			repositoryURL = "https://gitee.com/liuweigeek/AlertToast.git";
			requirement = {
				kind = upToNextMajorVersion;
				minimumVersion = 1.2.9;
			};
		};
/* End XCRemoteSwiftPackageReference section */

/* Begin XCSwiftPackageProductDependency section */
		D276735A2678BDC600A4BA37 /* Kingfisher */ = {
			isa = XCSwiftPackageProductDependency;
			package = D27673592678BDC600A4BA37 /* XCRemoteSwiftPackageReference "Kingfisher.git" */;
			productName = Kingfisher;
		};
		D276735D2678BE0F00A4BA37 /* Alamofire */ = {
			isa = XCSwiftPackageProductDependency;
			package = D276735C2678BE0F00A4BA37 /* XCRemoteSwiftPackageReference "Alamofire.git" */;
			productName = Alamofire;
		};
		D2B1F1AE26877DAD00733DA6 /* AlertToast */ = {
			isa = XCSwiftPackageProductDependency;
			package = D2B1F1AD26877DAD00733DA6 /* XCRemoteSwiftPackageReference "AlertToast.git" */;
			productName = AlertToast;
		};
/* End XCSwiftPackageProductDependency section */
	};
	rootObject = D21759352677A898006339EA /* Project object */;
}
